
Microsoft Visual Studio Solution File, Format Version 12.00
# Visual Studio Version 17
VisualStudioVersion = 17.14.36119.2
MinimumVisualStudioVersion = 10.0.40219.1
Project("{2150E333-8FDC-42A3-9474-1A3956D46DE8}") = "Test", "Test", "{02EA681E-C7D8-13C7-8484-4AC65E1B71E8}"
EndProject
Project("{FAE04EC0-301F-11D3-BF4B-00C04F79EFBC}") = "Client", "src\Client\Client.csproj", "{FE614C55-A3F2-4315-82E1-A3A293CA89D1}"
EndProject
Project("{FAE04EC0-301F-11D3-BF4B-00C04F79EFBC}") = "ConsoleServer", "src\ConsoleServer\ConsoleServer.csproj", "{858EE83C-5E77-42AF-9E0F-A29983265D7E}"
EndProject
Project("{FAE04EC0-301F-11D3-BF4B-00C04F79EFBC}") = "Core", "src\Core\Core.csproj", "{908CF820-B1AB-40A3-A504-96DFC6BC3B40}"
EndProject
Project("{FAE04EC0-301F-11D3-BF4B-00C04F79EFBC}") = "Multiplayer.Tests", "tests\Multiplayer.Tests\Multiplayer.Tests.csproj", "{01B310AC-BE8B-46D7-A8A6-C361C7C6998F}"
EndProject
Project("{FAE04EC0-301F-11D3-BF4B-00C04F79EFBC}") = "LiteNetLib", "src\LiteNetLib\LiteNetLib.csproj", "{8DA9A119-BA70-07A0-A684-02B3B08B8285}"
EndProject
Project("{FAE04EC0-301F-11D3-BF4B-00C04F79EFBC}") = "Server", "src\Server\Server.csproj", "{9D509ADD-EC76-4072-99C7-907624C222CF}"
EndProject
Project("{FAE04EC0-301F-11D3-BF4B-00C04F79EFBC}") = "Unity", "src\Unity\Unity.csproj", "{125C7A1A-0023-4E64-A620-E808AE58D966}"
EndProject
Project("{FAE04EC0-301F-11D3-BF4B-00C04F79EFBC}") = "Unity.Desktop", "src\Unity.Desktop\Unity.Desktop.csproj", "{DA4E8854-4CBE-7661-DCA4-7B9D34657A32}"
EndProject
Project("{2150E333-8FDC-42A3-9474-1A3956D46DE8}") = "Solution Items", "Solution Items", "{8A3486E3-4467-41FF-8399-9BABD044011C}"
	ProjectSection(SolutionItems) = preProject
		.editorconfig = .editorconfig
	EndProjectSection
EndProject
Global
	GlobalSection(SolutionConfigurationPlatforms) = preSolution
		Debug|Any CPU = Debug|Any CPU
		Release|Any CPU = Release|Any CPU
	EndGlobalSection
	GlobalSection(ProjectConfigurationPlatforms) = postSolution
		{FE614C55-A3F2-4315-82E1-A3A293CA89D1}.Debug|Any CPU.ActiveCfg = Debug|Any CPU
		{FE614C55-A3F2-4315-82E1-A3A293CA89D1}.Debug|Any CPU.Build.0 = Debug|Any CPU
		{FE614C55-A3F2-4315-82E1-A3A293CA89D1}.Release|Any CPU.ActiveCfg = Release|Any CPU
		{FE614C55-A3F2-4315-82E1-A3A293CA89D1}.Release|Any CPU.Build.0 = Release|Any CPU
		{858EE83C-5E77-42AF-9E0F-A29983265D7E}.Debug|Any CPU.ActiveCfg = Debug|Any CPU
		{858EE83C-5E77-42AF-9E0F-A29983265D7E}.Debug|Any CPU.Build.0 = Debug|Any CPU
		{858EE83C-5E77-42AF-9E0F-A29983265D7E}.Release|Any CPU.ActiveCfg = Release|Any CPU
		{858EE83C-5E77-42AF-9E0F-A29983265D7E}.Release|Any CPU.Build.0 = Release|Any CPU
		{908CF820-B1AB-40A3-A504-96DFC6BC3B40}.Debug|Any CPU.ActiveCfg = Debug|Any CPU
		{908CF820-B1AB-40A3-A504-96DFC6BC3B40}.Debug|Any CPU.Build.0 = Debug|Any CPU
		{908CF820-B1AB-40A3-A504-96DFC6BC3B40}.Release|Any CPU.ActiveCfg = Release|Any CPU
		{908CF820-B1AB-40A3-A504-96DFC6BC3B40}.Release|Any CPU.Build.0 = Release|Any CPU
		{01B310AC-BE8B-46D7-A8A6-C361C7C6998F}.Debug|Any CPU.ActiveCfg = Debug|Any CPU
		{01B310AC-BE8B-46D7-A8A6-C361C7C6998F}.Debug|Any CPU.Build.0 = Debug|Any CPU
		{01B310AC-BE8B-46D7-A8A6-C361C7C6998F}.Release|Any CPU.ActiveCfg = Release|Any CPU
		{01B310AC-BE8B-46D7-A8A6-C361C7C6998F}.Release|Any CPU.Build.0 = Release|Any CPU
		{8DA9A119-BA70-07A0-A684-02B3B08B8285}.Debug|Any CPU.ActiveCfg = Debug|Any CPU
		{8DA9A119-BA70-07A0-A684-02B3B08B8285}.Debug|Any CPU.Build.0 = Debug|Any CPU
		{8DA9A119-BA70-07A0-A684-02B3B08B8285}.Release|Any CPU.ActiveCfg = Release|Any CPU
		{8DA9A119-BA70-07A0-A684-02B3B08B8285}.Release|Any CPU.Build.0 = Release|Any CPU
		{9D509ADD-EC76-4072-99C7-907624C222CF}.Debug|Any CPU.ActiveCfg = Debug|Any CPU
		{9D509ADD-EC76-4072-99C7-907624C222CF}.Debug|Any CPU.Build.0 = Debug|Any CPU
		{9D509ADD-EC76-4072-99C7-907624C222CF}.Release|Any CPU.ActiveCfg = Release|Any CPU
		{9D509ADD-EC76-4072-99C7-907624C222CF}.Release|Any CPU.Build.0 = Release|Any CPU
		{125C7A1A-0023-4E64-A620-E808AE58D966}.Debug|Any CPU.ActiveCfg = Debug|Any CPU
		{125C7A1A-0023-4E64-A620-E808AE58D966}.Debug|Any CPU.Build.0 = Debug|Any CPU
		{125C7A1A-0023-4E64-A620-E808AE58D966}.Release|Any CPU.ActiveCfg = Release|Any CPU
		{125C7A1A-0023-4E64-A620-E808AE58D966}.Release|Any CPU.Build.0 = Release|Any CPU
		{DA4E8854-4CBE-7661-DCA4-7B9D34657A32}.Debug|Any CPU.ActiveCfg = Debug|Any CPU
		{DA4E8854-4CBE-7661-DCA4-7B9D34657A32}.Debug|Any CPU.Build.0 = Debug|Any CPU
		{DA4E8854-4CBE-7661-DCA4-7B9D34657A32}.Release|Any CPU.ActiveCfg = Release|Any CPU
		{DA4E8854-4CBE-7661-DCA4-7B9D34657A32}.Release|Any CPU.Build.0 = Release|Any CPU
	EndGlobalSection
	GlobalSection(SolutionProperties) = preSolution
		HideSolutionNode = FALSE
	EndGlobalSection
	GlobalSection(NestedProjects) = preSolution
		{01B310AC-BE8B-46D7-A8A6-C361C7C6998F} = {02EA681E-C7D8-13C7-8484-4AC65E1B71E8}
	EndGlobalSection
	GlobalSection(ExtensibilityGlobals) = postSolution
		SolutionGuid = {00CFBBA6-E75A-4FB5-AFE5-C169ED0EE6A6}
	EndGlobalSection
EndGlobal
